{
    "_meta": {
        "hash": {
            "sha256": "979d1fb6410bb592a57a2863e614b5902f81933f6dce5476c432519994248101"
        },
        "pipfile-spec": 6,
        "requires": {
            "python_version": "3.7"
        },
        "sources": [
            {
                "name": "pypi",
                "url": "https://pypi.org/simple",
                "verify_ssl": true
            }
        ]
    },
    "default": {
        "beautifulsoup4": {
            "hashes": [
                "sha256:a2b29bd048ca2fe54a046b29770964738872a9747003a371344a93eedf7ad58e"
            ],
            "index": "pypi",
            "version": "==4.3.2"
        },
        "bs4": {
            "hashes": [
                "sha256:36ecea1fd7cc5c0c6e4a1ff075df26d50da647b75376626cc186e2212886dd3a"
            ],
            "index": "pypi",
            "version": "==0.0.1"
        },
        "certifi": {
            "hashes": [
                "sha256:1d987a998c75633c40847cc966fcf5904906c920a7f17ef374f5aa4282abd304",
                "sha256:51fcb31174be6e6664c5f69e3e1691a2d72a1a12e90f872cbdb1567eb47b6519"
            ],
            "version": "==2020.4.5.1"
        },
        "chardet": {
            "hashes": [
                "sha256:84ab92ed1c4d4f16916e05906b6b75a6c0fb5db821cc65e70cbd64a3e2a5eaae",
                "sha256:fc323ffcaeaed0e0a02bf4d117757b98aed530d9ed4531e3e15460124c106691"
            ],
            "version": "==3.0.4"
        },
        "confusable-homoglyphs": {
            "hashes": [
                "sha256:3b4a0d9fa510669498820c91a0bfc0c327568cecec90648cf3819d4a6fc6a751",
                "sha256:e3ce611028d882b74a5faa69e3cbb5bd4dcd9f69936da6e73d33eda42c917944"
            ],
            "version": "==3.2.0"
        },
        "dj-database-url": {
            "hashes": [
                "sha256:ca01768fdecde134301f3170743226f60edff5c3935f12437378ebd911506353",
                "sha256:f2e273ed34acbb560962d5cf12917936d8df02297df09bd3089b8546d4584138"
            ],
            "index": "pypi",
            "version": "==0.3.0"
        },
        "django": {
            "hashes": [
                "sha256:014e3392058d94f40569206a24523ce254d55ad2f9f46c6550b0fe2e4f94cf3f",
                "sha256:4200aefb6678019a0acf0005cd14cfce3a5e6b9b90d06145fcdd2e474ad4329c"
            ],
            "index": "pypi",
            "version": "==1.11.29"
        },
        "django-coverage": {
            "hashes": [
                "sha256:eee56c1465b2ece0a066ea2514c50039462f8fe1ea58e59adc0dfda14b30628b"
            ],
            "index": "pypi",
            "version": "==1.2.4"
        },
        "django-crispy-forms": {
            "hashes": [
                "sha256:5952bab971110d0b86c278132dae0aa095beee8f723e625c3d3fa28888f1675f",
                "sha256:705ededc554ad8736157c666681165fe22ead2dec0d5446d65fc9dd976a5a876"
            ],
            "index": "pypi",
            "version": "==1.7.2"
        },
        "django-registration": {
            "hashes": [
                "sha256:c99ffbf9dc9c21a9f858a1365d85adf6fcaf3f17b33cdb97ffe2c38a541fc182",
                "sha256:d1e709ad43b19d2f4dc5b360b744d9c6401efca7efc77e47e36258e4ba449632"
            ],
            "index": "pypi",
            "version": "==2.5.2"
        },
        "django-reversion": {
            "hashes": [
                "sha256:830cd9127ff3cda98254526e1b30519da98ce4094bdf25e7c5aabb9207405a76",
                "sha256:fd910774f2dabb65ac9d4fec2b032f1c0560f870c4923ce0b1e2f4d4430fc04a"
            ],
            "index": "pypi",
            "version": "==3.0.3"
        },
        "djangorestframework": {
            "hashes": [
                "sha256:5488aed8f8df5ec1d70f04b2114abc52ae6729748a176c453313834a9ee179c8",
                "sha256:dc81cbf9775c6898a580f6f1f387c4777d12bd87abf0f5406018d32ccae71090"
            ],
            "index": "pypi",
            "version": "==3.10.3"
        },
        "factory-boy": {
            "hashes": [
                "sha256:d7012499e52de5a4413e22aed51df8948533685452dfe16b41001f28f9ce5b1c"
            ],
            "index": "pypi",
            "version": "==2.4.1"
        },
        "idna": {
            "hashes": [
                "sha256:c357b3f628cf53ae2c4c05627ecc484553142ca23264e593d327bcde5e9c3407",
                "sha256:ea8b7f6188e6fa117537c3df7da9fc686d485087abf6ac197f9c46432f7e4a3c"
            ],
            "version": "==2.8"
        },
        "pytz": {
            "hashes": [
                "sha256:a494d53b6d39c3c6e44c3bec237336e14305e4f29bbf800b599253057fbb79ed",
                "sha256:c35965d010ce31b23eeb663ed3cc8c906275d6be1a34393a1d73a41febf4a048"
            ],
            "version": "==2020.1"
        },
        "requests": {
            "hashes": [
                "sha256:11e007a8a2aa0323f5a921e9e6a2d7e4e67d9877e85773fba9ba6419025cbeb4",
                "sha256:9cf5292fcd0f598c671cfc1e0d7d1a7f13bb8085e9a590f48c010551dc6c4b31"
            ],
            "index": "pypi",
            "version": "==2.22.0"
        },
        "urllib3": {
            "hashes": [
                "sha256:3018294ebefce6572a474f0604c2021e33b3fd8006ecd11d62107a5d2a963527",
                "sha256:88206b0eb87e6d677d424843ac5209e3fb9d0190d0ee169599165ec25e9d9115"
            ],
            "version": "==1.25.9"
        },
        "waitress": {
            "hashes": [
                "sha256:045b3efc3d97c93362173ab1dfc159b52cfa22b46c3334ffc805dbdbf0e4309e",
                "sha256:77ff3f3226931a1d7d8624c5371de07c8e90c7e5d80c5cc660d72659aaf23f38"
            ],
            "index": "pypi",
            "version": "==1.4.3"
        },
        "whitenoise": {
            "hashes": [
                "sha256:3e4d80199960959b828951aa24cbfaa36cebed149dcd728c11e855798b15f870",
                "sha256:dac9419db3ece27bb53c7433243fc22ed42cf68de9d6c4129390e1d9aefe6310"
            ],
            "index": "pypi",
            "version": "==1.0.6"
        }
    },
    "develop": {}
}
